
Microsoft Visual Studio Solution File, Format Version 12.00
# Visual Studio Version 17
VisualStudioVersion = 17.8.34330.188
MinimumVisualStudioVersion = 10.0.40219.1
Project("{2150E333-8FDC-42A3-9474-1A3956D46DE8}") = "Core", "Core", "{8AFCC477-9048-4936-BB38-3A6AB5DD4415}"
EndProject
Project("{2150E333-8FDC-42A3-9474-1A3956D46DE8}") = "Apresentation", "Apresentation", "{A6C7FBA2-B86D-4F72-933E-11FCED8FB0A3}"
EndProject
Project("{9A19103F-16F7-4668-BE54-9A1E7A4F7556}") = "HomeSync.Domain", "HomeSync.Domain\HomeSync.Domain.csproj", "{BAEB897A-28AE-4563-A340-C8D2542C1F29}"
EndProject
Project("{9A19103F-16F7-4668-BE54-9A1E7A4F7556}") = "HomeSync.Application", "HomeSync.Application\HomeSync.Application.csproj", "{6A8E91C2-2A72-4D06-BDA1-BF0801FFE5BE}"
EndProject
Project("{9A19103F-16F7-4668-BE54-9A1E7A4F7556}") = "HomeSync.Infrastructure", "HomeSync.Infrastructure\HomeSync.Infrastructure.csproj", "{1123158E-A126-44F8-8FD1-2B5C1259F696}"
EndProject
Project("{9A19103F-16F7-4668-BE54-9A1E7A4F7556}") = "HomeSync.Tests", "HomeSync.Tests\HomeSync.Tests.csproj", "{DC57E976-D89F-4947-A296-982CAFE0D87A}"
EndProject
Project("{9A19103F-16F7-4668-BE54-9A1E7A4F7556}") = "HomeSync.WebApp", "HomeSync.WebApp\HomeSync.WebApp.csproj", "{3F53EF73-17A7-418D-A0E1-E21D14A863BC}"
EndProject
Project("{FAE04EC0-301F-11D3-BF4B-00C04F79EFBC}") = "HomeSync.MobileApp", "HomeSync.MobileApp\HomeSync.MobileApp.csproj", "{40783CA0-972D-48AE-979D-4DD813D3FE7E}"
EndProject
Global
	GlobalSection(SolutionConfigurationPlatforms) = preSolution
		Debug|Any CPU = Debug|Any CPU
		Release|Any CPU = Release|Any CPU
	EndGlobalSection
	GlobalSection(ProjectConfigurationPlatforms) = postSolution
		{BAEB897A-28AE-4563-A340-C8D2542C1F29}.Debug|Any CPU.ActiveCfg = Debug|Any CPU
		{BAEB897A-28AE-4563-A340-C8D2542C1F29}.Debug|Any CPU.Build.0 = Debug|Any CPU
		{BAEB897A-28AE-4563-A340-C8D2542C1F29}.Release|Any CPU.ActiveCfg = Release|Any CPU
		{BAEB897A-28AE-4563-A340-C8D2542C1F29}.Release|Any CPU.Build.0 = Release|Any CPU
		{6A8E91C2-2A72-4D06-BDA1-BF0801FFE5BE}.Debug|Any CPU.ActiveCfg = Debug|Any CPU
		{6A8E91C2-2A72-4D06-BDA1-BF0801FFE5BE}.Debug|Any CPU.Build.0 = Debug|Any CPU
		{6A8E91C2-2A72-4D06-BDA1-BF0801FFE5BE}.Release|Any CPU.ActiveCfg = Release|Any CPU
		{6A8E91C2-2A72-4D06-BDA1-BF0801FFE5BE}.Release|Any CPU.Build.0 = Release|Any CPU
		{1123158E-A126-44F8-8FD1-2B5C1259F696}.Debug|Any CPU.ActiveCfg = Debug|Any CPU
		{1123158E-A126-44F8-8FD1-2B5C1259F696}.Debug|Any CPU.Build.0 = Debug|Any CPU
		{1123158E-A126-44F8-8FD1-2B5C1259F696}.Release|Any CPU.ActiveCfg = Release|Any CPU
		{1123158E-A126-44F8-8FD1-2B5C1259F696}.Release|Any CPU.Build.0 = Release|Any CPU
		{DC57E976-D89F-4947-A296-982CAFE0D87A}.Debug|Any CPU.ActiveCfg = Debug|Any CPU
		{DC57E976-D89F-4947-A296-982CAFE0D87A}.Debug|Any CPU.Build.0 = Debug|Any CPU
		{DC57E976-D89F-4947-A296-982CAFE0D87A}.Release|Any CPU.ActiveCfg = Release|Any CPU
		{DC57E976-D89F-4947-A296-982CAFE0D87A}.Release|Any CPU.Build.0 = Release|Any CPU
		{3F53EF73-17A7-418D-A0E1-E21D14A863BC}.Debug|Any CPU.ActiveCfg = Debug|Any CPU
		{3F53EF73-17A7-418D-A0E1-E21D14A863BC}.Debug|Any CPU.Build.0 = Debug|Any CPU
		{3F53EF73-17A7-418D-A0E1-E21D14A863BC}.Release|Any CPU.ActiveCfg = Release|Any CPU
		{3F53EF73-17A7-418D-A0E1-E21D14A863BC}.Release|Any CPU.Build.0 = Release|Any CPU
		{40783CA0-972D-48AE-979D-4DD813D3FE7E}.Debug|Any CPU.ActiveCfg = Debug|Any CPU
		{40783CA0-972D-48AE-979D-4DD813D3FE7E}.Debug|Any CPU.Build.0 = Debug|Any CPU
		{40783CA0-972D-48AE-979D-4DD813D3FE7E}.Debug|Any CPU.Deploy.0 = Debug|Any CPU
		{40783CA0-972D-48AE-979D-4DD813D3FE7E}.Release|Any CPU.ActiveCfg = Release|Any CPU
		{40783CA0-972D-48AE-979D-4DD813D3FE7E}.Release|Any CPU.Build.0 = Release|Any CPU
		{40783CA0-972D-48AE-979D-4DD813D3FE7E}.Release|Any CPU.Deploy.0 = Release|Any CPU
	EndGlobalSection
	GlobalSection(SolutionProperties) = preSolution
		HideSolutionNode = FALSE
	EndGlobalSection
	GlobalSection(NestedProjects) = preSolution
		{BAEB897A-28AE-4563-A340-C8D2542C1F29} = {8AFCC477-9048-4936-BB38-3A6AB5DD4415}
		{6A8E91C2-2A72-4D06-BDA1-BF0801FFE5BE} = {8AFCC477-9048-4936-BB38-3A6AB5DD4415}
		{3F53EF73-17A7-418D-A0E1-E21D14A863BC} = {A6C7FBA2-B86D-4F72-933E-11FCED8FB0A3}
		{40783CA0-972D-48AE-979D-4DD813D3FE7E} = {A6C7FBA2-B86D-4F72-933E-11FCED8FB0A3}
	EndGlobalSection
	GlobalSection(ExtensibilityGlobals) = postSolution
		SolutionGuid = {DDE3A20E-C07B-4415-AE2B-35B9C71C1CCF}
	EndGlobalSection
EndGlobal
